Microsoft Visual Studio Solution File, Format Version 12.00
# Visual Studio 15
VisualStudioVersion = 15.0.26124.0
MinimumVisualStudioVersion = 15.0.26124.0
Project("{9A19103F-16F7-4668-BE54-9A1E7A4F7556}") = "Serilog.Enrichers.ApplicationName", "Serilog.Enrichers.ApplicationName\Serilog.Enrichers.ApplicationName.csproj", "{AC5A0B69-09AF-4A66-A79C-9983FFBA393E}"
EndProject
Global
	GlobalSection(SolutionConfigurationPlatforms) = preSolution
		Debug|Any CPU = Debug|Any CPU
		Debug|x64 = Debug|x64
		Debug|x86 = Debug|x86
		Release|Any CPU = Release|Any CPU
		Release|x64 = Release|x64
		Release|x86 = Release|x86
	EndGlobalSection
	GlobalSection(ProjectConfigurationPlatforms) = postSolution
		{AC5A0B69-09AF-4A66-A79C-9983FFBA393E}.Debug|Any CPU.ActiveCfg = Debug|Any CPU
		{AC5A0B69-09AF-4A66-A79C-9983FFBA393E}.Debug|Any CPU.Build.0 = Debug|Any CPU
		{AC5A0B69-09AF-4A66-A79C-9983FFBA393E}.Debug|x64.ActiveCfg = Debug|Any CPU
		{AC5A0B69-09AF-4A66-A79C-9983FFBA393E}.Debug|x64.Build.0 = Debug|Any CPU
		{AC5A0B69-09AF-4A66-A79C-9983FFBA393E}.Debug|x86.ActiveCfg = Debug|Any CPU
		{AC5A0B69-09AF-4A66-A79C-9983FFBA393E}.Debug|x86.Build.0 = Debug|Any CPU
		{AC5A0B69-09AF-4A66-A79C-9983FFBA393E}.Release|Any CPU.ActiveCfg = Release|Any CPU
		{AC5A0B69-09AF-4A66-A79C-9983FFBA393E}.Release|Any CPU.Build.0 = Release|Any CPU
		{AC5A0B69-09AF-4A66-A79C-9983FFBA393E}.Release|x64.ActiveCfg = Release|Any CPU
		{AC5A0B69-09AF-4A66-A79C-9983FFBA393E}.Release|x64.Build.0 = Release|Any CPU
		{AC5A0B69-09AF-4A66-A79C-9983FFBA393E}.Release|x86.ActiveCfg = Release|Any CPU
		{AC5A0B69-09AF-4A66-A79C-9983FFBA393E}.Release|x86.Build.0 = Release|Any CPU
	EndGlobalSection
	GlobalSection(SolutionProperties) = preSolution
		HideSolutionNode = FALSE
	EndGlobalSection
	GlobalSection(ExtensibilityGlobals) = postSolution
		SolutionGuid = {0A2AB1A7-68C8-4317-95F8-51F11F857EB8}
	EndGlobalSection
EndGlobal
